
Microsoft Visual Studio Solution File, Format Version 12.00
# Visual Studio Version 16
VisualStudioVersion = 16.0.31727.386
MinimumVisualStudioVersion = 10.0.40219.1
Project("{FAE04EC0-301F-11D3-BF4B-00C04F79EFBC}") = "CvEntityProje", "CvEntityProje\CvEntityProje.csproj", "{49120D4A-8C49-4AD4-8C93-A659A50987FB}"
EndProject
Global
	GlobalSection(SolutionConfigurationPlatforms) = preSolution
		Debug|Any CPU = Debug|Any CPU
		Release|Any CPU = Release|Any CPU
	EndGlobalSection
	GlobalSection(ProjectConfigurationPlatforms) = postSolution
		{49120D4A-8C49-4AD4-8C93-A659A50987FB}.Debug|Any CPU.ActiveCfg = Debug|Any CPU
		{49120D4A-8C49-4AD4-8C93-A659A50987FB}.Debug|Any CPU.Build.0 = Debug|Any CPU
		{49120D4A-8C49-4AD4-8C93-A659A50987FB}.Release|Any CPU.ActiveCfg = Release|Any CPU
		{49120D4A-8C49-4AD4-8C93-A659A50987FB}.Release|Any CPU.Build.0 = Release|Any CPU
	EndGlobalSection
	GlobalSection(SolutionProperties) = preSolution
		HideSolutionNode = FALSE
	EndGlobalSection
	GlobalSection(ExtensibilityGlobals) = postSolution
		SolutionGuid = {95B7C92C-C725-42AC-A8B7-8A76B4AED8F1}
	EndGlobalSection
EndGlobal
